// !$*UTF8*$!
{
	archiveVersion = 1;
	classes = {
	};
	objectVersion = 77;
	objects = {

/* Begin PBXBuildFile section */
		1826D7A22FF9192400927433 /* WidgetKit.framework in Frameworks */ = {isa = PBXBuildFile; fileRef = 1826D7A12FF9192400927433 /* WidgetKit.framework */; };
		1826D7A42FF9192400927433 /* SwiftUI.framework in Frameworks */ = {isa = PBXBuildFile; fileRef = 1826D7A32FF9192400927433 /* SwiftUI.framework */; };
		1826D7B12FF9192500927433 /* NineTilesPuzzleWidgetsExtension.appex in Embed Foundation Extensions */ = {isa = PBXBuildFile; fileRef = 1826D79F2FF9192400927433 /* NineTilesPuzzleWidgetsExtension.appex */; settings = {ATTRIBUTES = (RemoveHeadersOnCopy, ); }; };
		4D99D52BFFCC4762933DCB0E /* QuickLookThumbnailing.framework in Frameworks */ = {isa = PBXBuildFile; fileRef = 80AAADD4C002484BBC1B8CC0 /* QuickLookThumbnailing.framework */; };
		441DF071E57141D697E23951 /* NineTilesPuzzleThumbnailExtension.appex in Embed Foundation Extensions */ = {isa = PBXBuildFile; fileRef = 4D3E2F959DAF45A4B1C08721 /* NineTilesPuzzleThumbnailExtension.appex */; settings = {ATTRIBUTES = (RemoveHeadersOnCopy, ); }; };
		DDEE000000000000000000A2 /* NineTilesPuzzlePreviewExtension.appex in Embed Foundation Extensions */ = {isa = PBXBuildFile; fileRef = DDEE000000000000000000A1 /* NineTilesPuzzlePreviewExtension.appex */; settings = {ATTRIBUTES = (RemoveHeadersOnCopy, ); }; };
		DDEE000000000000000000A4 /* QuickLook.framework in Frameworks */ = {isa = PBXBuildFile; fileRef = DDEE000000000000000000A3 /* QuickLook.framework */; };
/* End PBXBuildFile section */

/* Begin PBXContainerItemProxy section */
		1826D7AF2FF9192500927433 /* PBXContainerItemProxy */ = {
			isa = PBXContainerItemProxy;
			containerPortal = 18ADCF992FC4C364001C204F /* Project object */;
			proxyType = 1;
			remoteGlobalIDString = 1826D79E2FF9192400927433;
			remoteInfo = NineTilesPuzzleWidgetsExtension;
		};
		5D76629636DC42C0900B46B7 /* PBXContainerItemProxy */ = {
			isa = PBXContainerItemProxy;
			containerPortal = 18ADCF992FC4C364001C204F /* Project object */;
			proxyType = 1;
			remoteGlobalIDString = 937C543CFCE14CF985C78317;
			remoteInfo = NineTilesPuzzleThumbnailExtension;
		};
		183EBA722FE67BF600E2851C /* PBXContainerItemProxy */ = {
			isa = PBXContainerItemProxy;
			containerPortal = 18ADCF992FC4C364001C204F /* Project object */;
			proxyType = 1;
			remoteGlobalIDString = 18ADCFA02FC4C364001C204F;
			remoteInfo = NineTilesPuzzle;
		};
		DDEE000000000000000000A5 /* PBXContainerItemProxy */ = {
			isa = PBXContainerItemProxy;
			containerPortal = 18ADCF992FC4C364001C204F /* Project object */;
			proxyType = 1;
			remoteGlobalIDString = DDEE000000000000000000AD;
			remoteInfo = NineTilesPuzzlePreviewExtension;
		};
/* End PBXContainerItemProxy section */

/* Begin PBXCopyFilesBuildPhase section */
		1826D7B62FF9192500927433 /* Embed Foundation Extensions */ = {
			isa = PBXCopyFilesBuildPhase;
			buildActionMask = 2147483647;
			dstPath = "";
			dstSubfolderSpec = 13;
			files = (
				1826D7B12FF9192500927433 /* NineTilesPuzzleWidgetsExtension.appex in Embed Foundation Extensions */,
				441DF071E57141D697E23951 /* NineTilesPuzzleThumbnailExtension.appex in Embed Foundation Extensions */,
				DDEE000000000000000000A2 /* NineTilesPuzzlePreviewExtension.appex in Embed Foundation Extensions */,
			);
			name = "Embed Foundation Extensions";
			runOnlyForDeploymentPostprocessing = 0;
		};
/* End PBXCopyFilesBuildPhase section */

/* Begin PBXFileReference section */
		1826D79F2FF9192400927433 /* NineTilesPuzzleWidgetsExtension.appex */ = {isa = PBXFileReference; explicitFileType = "wrapper.app-extension"; includeInIndex = 0; path = NineTilesPuzzleWidgetsExtension.appex; sourceTree = BUILT_PRODUCTS_DIR; };
		1826D7A12FF9192400927433 /* WidgetKit.framework */ = {isa = PBXFileReference; lastKnownFileType = wrapper.framework; name = WidgetKit.framework; path = /System/Library/Frameworks/WidgetKit.framework; sourceTree = "<absolute>"; };
		1826D7A32FF9192400927433 /* SwiftUI.framework */ = {isa = PBXFileReference; lastKnownFileType = wrapper.framework; name = SwiftUI.framework; path = /System/Library/Frameworks/SwiftUI.framework; sourceTree = "<absolute>"; };
		183EBA6E2FE67BF600E2851C /* NineTilesPuzzleTests.xctest */ = {isa = PBXFileReference; explicitFileType = wrapper.cfbundle; includeInIndex = 0; path = NineTilesPuzzleTests.xctest; sourceTree = BUILT_PRODUCTS_DIR; };
		18ADCFA12FC4C364001C204F /* NineTilesPuzzle.app */ = {isa = PBXFileReference; explicitFileType = wrapper.application; includeInIndex = 0; path = NineTilesPuzzle.app; sourceTree = BUILT_PRODUCTS_DIR; };
		4D3E2F959DAF45A4B1C08721 /* NineTilesPuzzleThumbnailExtension.appex */ = {isa = PBXFileReference; explicitFileType = "wrapper.app-extension"; includeInIndex = 0; path = NineTilesPuzzleThumbnailExtension.appex; sourceTree = BUILT_PRODUCTS_DIR; };
		80AAADD4C002484BBC1B8CC0 /* QuickLookThumbnailing.framework */ = {isa = PBXFileReference; lastKnownFileType = wrapper.framework; name = QuickLookThumbnailing.framework; path = /System/Library/Frameworks/QuickLookThumbnailing.framework; sourceTree = "<absolute>"; };
		DDEE000000000000000000A1 /* NineTilesPuzzlePreviewExtension.appex */ = {isa = PBXFileReference; explicitFileType = "wrapper.app-extension"; includeInIndex = 0; path = NineTilesPuzzlePreviewExtension.appex; sourceTree = BUILT_PRODUCTS_DIR; };
		DDEE000000000000000000A3 /* QuickLook.framework */ = {isa = PBXFileReference; lastKnownFileType = wrapper.framework; name = QuickLook.framework; path = /System/Library/Frameworks/QuickLook.framework; sourceTree = "<absolute>"; };
/* End PBXFileReference section */

/* Begin PBXFileSystemSynchronizedBuildFileExceptionSet section */
		1826D7B22FF9192500927433 /* Exceptions for "NineTilesPuzzleWidgets" folder in "NineTilesPuzzleWidgetsExtension" target */ = {
			isa = PBXFileSystemSynchronizedBuildFileExceptionSet;
			membershipExceptions = (
				Info.plist,
			);
			target = 1826D79E2FF9192400927433 /* NineTilesPuzzleWidgetsExtension */;
		};
		1826D7C42FF91BEB00927433 /* Exceptions for "NineTilesPuzzle" folder in "NineTilesPuzzleWidgetsExtension" target */ = {
			isa = PBXFileSystemSynchronizedBuildFileExceptionSet;
			membershipExceptions = (
				Models/DailyChallengeSeeder.swift,
				Models/GameMode.swift,
				Models/SeededShuffle.swift,
				"Models/TimeInterval-Formatting-Ext.swift",
				Shared/DeepLink.swift,
				Shared/LiveActivityStore.swift,
				Shared/PuzzleActivityAttributes.swift,
				Shared/WidgetDataStore.swift,
			);
			target = 1826D79E2FF9192400927433 /* NineTilesPuzzleWidgetsExtension */;
		};
		A267624B6AC746AAB0F5958F /* Exceptions for "NineTilesPuzzleThumbnail" folder in "NineTilesPuzzleThumbnailExtension" target */ = {
			isa = PBXFileSystemSynchronizedBuildFileExceptionSet;
			membershipExceptions = (
				Info.plist,
			);
			target = 937C543CFCE14CF985C78317 /* NineTilesPuzzleThumbnailExtension */;
		};
		2798B1EC259647B1B68075CE /* Exceptions for "NineTilesPuzzle" folder in "NineTilesPuzzleThumbnailExtension" target */ = {
			isa = PBXFileSystemSynchronizedBuildFileExceptionSet;
			membershipExceptions = (
				Models/Challenge/ChallengeFilePayload.swift,
				Models/Challenge/ChallengeResult.swift,
				Models/Challenge/FriendChallenge.swift,
				Models/GameMode.swift,
			);
			target = 937C543CFCE14CF985C78317 /* NineTilesPuzzleThumbnailExtension */;
		};
		DDEE000000000000000000A7 /* Exceptions for "NineTilesPuzzlePreview" folder in "NineTilesPuzzlePreviewExtension" target */ = {
			isa = PBXFileSystemSynchronizedBuildFileExceptionSet;
			membershipExceptions = (
				Info.plist,
			);
			target = DDEE000000000000000000AD /* NineTilesPuzzlePreviewExtension */;
		};
		DDEE000000000000000000A8 /* Exceptions for "NineTilesPuzzle" folder in "NineTilesPuzzlePreviewExtension" target */ = {
			isa = PBXFileSystemSynchronizedBuildFileExceptionSet;
			membershipExceptions = (
				Models/Challenge/ChallengeFilePayload.swift,
				Models/Challenge/ChallengeResult.swift,
				Models/Challenge/FriendChallenge.swift,
				Models/GameMode.swift,
			);
			target = DDEE000000000000000000AD /* NineTilesPuzzlePreviewExtension */;
		};
/* End PBXFileSystemSynchronizedBuildFileExceptionSet section */

/* Begin PBXFileSystemSynchronizedRootGroup section */
		1826D7A52FF9192400927433 /* NineTilesPuzzleWidgets */ = {
			isa = PBXFileSystemSynchronizedRootGroup;
			exceptions = (
				1826D7B22FF9192500927433 /* Exceptions for "NineTilesPuzzleWidgets" folder in "NineTilesPuzzleWidgetsExtension" target */,
			);
			path = NineTilesPuzzleWidgets;
			sourceTree = "<group>";
		};
		183EBA6F2FE67BF600E2851C /* NineTilesPuzzleTests */ = {
			isa = PBXFileSystemSynchronizedRootGroup;
			path = NineTilesPuzzleTests;
			sourceTree = "<group>";
		};
		18ADCFA32FC4C364001C204F /* NineTilesPuzzle */ = {
			isa = PBXFileSystemSynchronizedRootGroup;
			exceptions = (
				1826D7C42FF91BEB00927433 /* Exceptions for "NineTilesPuzzle" folder in "NineTilesPuzzleWidgetsExtension" target */,
				2798B1EC259647B1B68075CE /* Exceptions for "NineTilesPuzzle" folder in "NineTilesPuzzleThumbnailExtension" target */,
				DDEE000000000000000000A8 /* Exceptions for "NineTilesPuzzle" folder in "NineTilesPuzzlePreviewExtension" target */,
			);
			path = NineTilesPuzzle;
			sourceTree = "<group>";
		};
		8F605B90F3B646B6B4BB3D06 /* NineTilesPuzzleThumbnail */ = {
			isa = PBXFileSystemSynchronizedRootGroup;
			exceptions = (
				A267624B6AC746AAB0F5958F /* Exceptions for "NineTilesPuzzleThumbnail" folder in "NineTilesPuzzleThumbnailExtension" target */,
			);
			path = NineTilesPuzzleThumbnail;
			sourceTree = "<group>";
		};
		DDEE000000000000000000A9 /* NineTilesPuzzlePreview */ = {
			isa = PBXFileSystemSynchronizedRootGroup;
			exceptions = (
				DDEE000000000000000000A7 /* Exceptions for "NineTilesPuzzlePreview" folder in "NineTilesPuzzlePreviewExtension" target */,
			);
			path = NineTilesPuzzlePreview;
			sourceTree = "<group>";
		};
/* End PBXFileSystemSynchronizedRootGroup section */

/* Begin PBXFrameworksBuildPhase section */
		1826D79C2FF9192400927433 /* Frameworks */ = {
			isa = PBXFrameworksBuildPhase;
			buildActionMask = 2147483647;
			files = (
				1826D7A42FF9192400927433 /* SwiftUI.framework in Frameworks */,
				1826D7A22FF9192400927433 /* WidgetKit.framework in Frameworks */,
			);
			runOnlyForDeploymentPostprocessing = 0;
		};
		183EBA6B2FE67BF600E2851C /* Frameworks */ = {
			isa = PBXFrameworksBuildPhase;
			buildActionMask = 2147483647;
			files = (
			);
			runOnlyForDeploymentPostprocessing = 0;
		};
		18ADCF9E2FC4C364001C204F /* Frameworks */ = {
			isa = PBXFrameworksBuildPhase;
			buildActionMask = 2147483647;
			files = (
			);
			runOnlyForDeploymentPostprocessing = 0;
		};
		9BCBECFFB1014B40B8EB7F9D /* Frameworks */ = {
			isa = PBXFrameworksBuildPhase;
			buildActionMask = 2147483647;
			files = (
				4D99D52BFFCC4762933DCB0E /* QuickLookThumbnailing.framework in Frameworks */,
			);
			runOnlyForDeploymentPostprocessing = 0;
		};
		DDEE000000000000000000AA /* Frameworks */ = {
			isa = PBXFrameworksBuildPhase;
			buildActionMask = 2147483647;
			files = (
				DDEE000000000000000000A4 /* QuickLook.framework in Frameworks */,
			);
			runOnlyForDeploymentPostprocessing = 0;
		};
/* End PBXFrameworksBuildPhase section */

/* Begin PBXGroup section */
		1826D7A02FF9192400927433 /* Frameworks */ = {
			isa = PBXGroup;
			children = (
				1826D7A12FF9192400927433 /* WidgetKit.framework */,
				1826D7A32FF9192400927433 /* SwiftUI.framework */,
				80AAADD4C002484BBC1B8CC0 /* QuickLookThumbnailing.framework */,
				DDEE000000000000000000A3 /* QuickLook.framework */,
			);
			name = Frameworks;
			sourceTree = "<group>";
		};
		18ADCF982FC4C364001C204F = {
			isa = PBXGroup;
			children = (
				18ADCFA32FC4C364001C204F /* NineTilesPuzzle */,
				183EBA6F2FE67BF600E2851C /* NineTilesPuzzleTests */,
				1826D7A52FF9192400927433 /* NineTilesPuzzleWidgets */,
				8F605B90F3B646B6B4BB3D06 /* NineTilesPuzzleThumbnail */,
				DDEE000000000000000000A9 /* NineTilesPuzzlePreview */,
				1826D7A02FF9192400927433 /* Frameworks */,
				18ADCFA22FC4C364001C204F /* Products */,
			);
			sourceTree = "<group>";
		};
		18ADCFA22FC4C364001C204F /* Products */ = {
			isa = PBXGroup;
			children = (
				18ADCFA12FC4C364001C204F /* NineTilesPuzzle.app */,
				183EBA6E2FE67BF600E2851C /* NineTilesPuzzleTests.xctest */,
				1826D79F2FF9192400927433 /* NineTilesPuzzleWidgetsExtension.appex */,
				4D3E2F959DAF45A4B1C08721 /* NineTilesPuzzleThumbnailExtension.appex */,
				DDEE000000000000000000A1 /* NineTilesPuzzlePreviewExtension.appex */,
			);
			name = Products;
			sourceTree = "<group>";
		};
/* End PBXGroup section */

/* Begin PBXNativeTarget section */
		DDEE000000000000000000AD /* NineTilesPuzzlePreviewExtension */ = {
			isa = PBXNativeTarget;
			buildConfigurationList = DDEE000000000000000000B0 /* Build configuration list for PBXNativeTarget "NineTilesPuzzlePreviewExtension" */;
			buildPhases = (
				DDEE000000000000000000AB /* Sources */,
				DDEE000000000000000000AA /* Frameworks */,
				DDEE000000000000000000AC /* Resources */,
			);
			buildRules = (
			);
			dependencies = (
			);
			fileSystemSynchronizedGroups = (
				DDEE000000000000000000A9 /* NineTilesPuzzlePreview */,
			);
			name = NineTilesPuzzlePreviewExtension;
			packageProductDependencies = (
			);
			productName = NineTilesPuzzlePreviewExtension;
			productReference = DDEE000000000000000000A1 /* NineTilesPuzzlePreviewExtension.appex */;
			productType = "com.apple.product-type.app-extension";
		};
		937C543CFCE14CF985C78317 /* NineTilesPuzzleThumbnailExtension */ = {
			isa = PBXNativeTarget;
			buildConfigurationList = A0CAC55473334992A58F228E /* Build configuration list for PBXNativeTarget "NineTilesPuzzleThumbnailExtension" */;
			buildPhases = (
				65065C620B6E4049A6F5135B /* Sources */,
				9BCBECFFB1014B40B8EB7F9D /* Frameworks */,
				2F24158C70594D8D9CF3FEE1 /* Resources */,
			);
			buildRules = (
			);
			dependencies = (
			);
			fileSystemSynchronizedGroups = (
				8F605B90F3B646B6B4BB3D06 /* NineTilesPuzzleThumbnail */,
			);
			name = NineTilesPuzzleThumbnailExtension;
			packageProductDependencies = (
			);
			productName = NineTilesPuzzleThumbnailExtension;
			productReference = 4D3E2F959DAF45A4B1C08721 /* NineTilesPuzzleThumbnailExtension.appex */;
			productType = "com.apple.product-type.app-extension";
		};
		1826D79E2FF9192400927433 /* NineTilesPuzzleWidgetsExtension */ = {
			isa = PBXNativeTarget;
			buildConfigurationList = 1826D7B32FF9192500927433 /* Build configuration list for PBXNativeTarget "NineTilesPuzzleWidgetsExtension" */;
			buildPhases = (
				1826D79B2FF9192400927433 /* Sources */,
				1826D79C2FF9192400927433 /* Frameworks */,
				1826D79D2FF9192400927433 /* Resources */,
			);
			buildRules = (
			);
			dependencies = (
			);
			fileSystemSynchronizedGroups = (
				1826D7A52FF9192400927433 /* NineTilesPuzzleWidgets */,
			);
			name = NineTilesPuzzleWidgetsExtension;
			packageProductDependencies = (
			);
			productName = NineTilesPuzzleWidgetsExtension;
			productReference = 1826D79F2FF9192400927433 /* NineTilesPuzzleWidgetsExtension.appex */;
			productType = "com.apple.product-type.app-extension";
		};
		183EBA6D2FE67BF600E2851C /* NineTilesPuzzleTests */ = {
			isa = PBXNativeTarget;
			buildConfigurationList = 183EBA742FE67BF600E2851C /* Build configuration list for PBXNativeTarget "NineTilesPuzzleTests" */;
			buildPhases = (
				183EBA6A2FE67BF600E2851C /* Sources */,
				183EBA6B2FE67BF600E2851C /* Frameworks */,
				183EBA6C2FE67BF600E2851C /* Resources */,
			);
			buildRules = (
			);
			dependencies = (
				183EBA732FE67BF600E2851C /* PBXTargetDependency */,
			);
			fileSystemSynchronizedGroups = (
				183EBA6F2FE67BF600E2851C /* NineTilesPuzzleTests */,
			);
			name = NineTilesPuzzleTests;
			packageProductDependencies = (
			);
			productName = NineTilesPuzzleTests;
			productReference = 183EBA6E2FE67BF600E2851C /* NineTilesPuzzleTests.xctest */;
			productType = "com.apple.product-type.bundle.unit-test";
		};
		18ADCFA02FC4C364001C204F /* NineTilesPuzzle */ = {
			isa = PBXNativeTarget;
			buildConfigurationList = 18ADCFAC2FC4C365001C204F /* Build configuration list for PBXNativeTarget "NineTilesPuzzle" */;
			buildPhases = (
				18ADCF9D2FC4C364001C204F /* Sources */,
				18ADCF9E2FC4C364001C204F /* Frameworks */,
				18ADCF9F2FC4C364001C204F /* Resources */,
				1826D7B62FF9192500927433 /* Embed Foundation Extensions */,
			);
			buildRules = (
			);
			dependencies = (
				1826D7B02FF9192500927433 /* PBXTargetDependency */,
				93C3603D97144312B6A9617F /* PBXTargetDependency */,
				DDEE000000000000000000A6 /* PBXTargetDependency */,
			);
			fileSystemSynchronizedGroups = (
				18ADCFA32FC4C364001C204F /* NineTilesPuzzle */,
			);
			name = NineTilesPuzzle;
			packageProductDependencies = (
			);
			productName = NineTilesPuzzle;
			productReference = 18ADCFA12FC4C364001C204F /* NineTilesPuzzle.app */;
			productType = "com.apple.product-type.application";
		};
/* End PBXNativeTarget section */

/* Begin PBXProject section */
		18ADCF992FC4C364001C204F /* Project object */ = {
			isa = PBXProject;
			attributes = {
				BuildIndependentTargetsInParallel = 1;
				LastSwiftUpdateCheck = 2630;
				LastUpgradeCheck = 2630;
				TargetAttributes = {
					1826D79E2FF9192400927433 = {
						CreatedOnToolsVersion = 26.3;
					};
					183EBA6D2FE67BF600E2851C = {
						CreatedOnToolsVersion = 26.3;
						TestTargetID = 18ADCFA02FC4C364001C204F;
					};
					18ADCFA02FC4C364001C204F = {
						CreatedOnToolsVersion = 26.3;
					};
					937C543CFCE14CF985C78317 = {
						CreatedOnToolsVersion = 26.3;
					};
					DDEE000000000000000000AD = {
						CreatedOnToolsVersion = 26.3;
					};
				};
			};
			buildConfigurationList = 18ADCF9C2FC4C364001C204F /* Build configuration list for PBXProject "NineTilesPuzzle" */;
			developmentRegion = en;
			hasScannedForEncodings = 0;
			knownRegions = (
				en,
				Base,
			);
			mainGroup = 18ADCF982FC4C364001C204F;
			minimizedProjectReferenceProxies = 1;
			preferredProjectObjectVersion = 77;
			productRefGroup = 18ADCFA22FC4C364001C204F /* Products */;
			projectDirPath = "";
			projectRoot = "";
			targets = (
				18ADCFA02FC4C364001C204F /* NineTilesPuzzle */,
				183EBA6D2FE67BF600E2851C /* NineTilesPuzzleTests */,
				1826D79E2FF9192400927433 /* NineTilesPuzzleWidgetsExtension */,
				937C543CFCE14CF985C78317 /* NineTilesPuzzleThumbnailExtension */,
				DDEE000000000000000000AD /* NineTilesPuzzlePreviewExtension */,
			);
		};
/* End PBXProject section */

/* Begin PBXResourcesBuildPhase section */
		DDEE000000000000000000AC /* Resources */ = {
			isa = PBXResourcesBuildPhase;
			buildActionMask = 2147483647;
			files = (
			);
			runOnlyForDeploymentPostprocessing = 0;
		};
		2F24158C70594D8D9CF3FEE1 /* Resources */ = {
			isa = PBXResourcesBuildPhase;
			buildActionMask = 2147483647;
			files = (
			);
			runOnlyForDeploymentPostprocessing = 0;
		};
		1826D79D2FF9192400927433 /* Resources */ = {
			isa = PBXResourcesBuildPhase;
			buildActionMask = 2147483647;
			files = (
			);
			runOnlyForDeploymentPostprocessing = 0;
		};
		183EBA6C2FE67BF600E2851C /* Resources */ = {
			isa = PBXResourcesBuildPhase;
			buildActionMask = 2147483647;
			files = (
			);
			runOnlyForDeploymentPostprocessing = 0;
		};
		18ADCF9F2FC4C364001C204F /* Resources */ = {
			isa = PBXResourcesBuildPhase;
			buildActionMask = 2147483647;
			files = (
			);
			runOnlyForDeploymentPostprocessing = 0;
		};
/* End PBXResourcesBuildPhase section */

/* Begin PBXSourcesBuildPhase section */
		DDEE000000000000000000AB /* Sources */ = {
			isa = PBXSourcesBuildPhase;
			buildActionMask = 2147483647;
			files = (
			);
			runOnlyForDeploymentPostprocessing = 0;
		};
		65065C620B6E4049A6F5135B /* Sources */ = {
			isa = PBXSourcesBuildPhase;
			buildActionMask = 2147483647;
			files = (
			);
			runOnlyForDeploymentPostprocessing = 0;
		};
		1826D79B2FF9192400927433 /* Sources */ = {
			isa = PBXSourcesBuildPhase;
			buildActionMask = 2147483647;
			files = (
			);
			runOnlyForDeploymentPostprocessing = 0;
		};
		183EBA6A2FE67BF600E2851C /* Sources */ = {
			isa = PBXSourcesBuildPhase;
			buildActionMask = 2147483647;
			files = (
			);
			runOnlyForDeploymentPostprocessing = 0;
		};
		18ADCF9D2FC4C364001C204F /* Sources */ = {
			isa = PBXSourcesBuildPhase;
			buildActionMask = 2147483647;
			files = (
			);
			runOnlyForDeploymentPostprocessing = 0;
		};
/* End PBXSourcesBuildPhase section */

/* Begin PBXTargetDependency section */
		1826D7B02FF9192500927433 /* PBXTargetDependency */ = {
			isa = PBXTargetDependency;
			target = 1826D79E2FF9192400927433 /* NineTilesPuzzleWidgetsExtension */;
			targetProxy = 1826D7AF2FF9192500927433 /* PBXContainerItemProxy */;
		};
		93C3603D97144312B6A9617F /* PBXTargetDependency */ = {
			isa = PBXTargetDependency;
			target = 937C543CFCE14CF985C78317 /* NineTilesPuzzleThumbnailExtension */;
			targetProxy = 5D76629636DC42C0900B46B7 /* PBXContainerItemProxy */;
		};
		DDEE000000000000000000A6 /* PBXTargetDependency */ = {
			isa = PBXTargetDependency;
			target = DDEE000000000000000000AD /* NineTilesPuzzlePreviewExtension */;
			targetProxy = DDEE000000000000000000A5 /* PBXContainerItemProxy */;
		};
		183EBA732FE67BF600E2851C /* PBXTargetDependency */ = {
			isa = PBXTargetDependency;
			target = 18ADCFA02FC4C364001C204F /* NineTilesPuzzle */;
			targetProxy = 183EBA722FE67BF600E2851C /* PBXContainerItemProxy */;
		};
/* End PBXTargetDependency section */

/* Begin XCBuildConfiguration section */
		DDEE000000000000000000AE /* Debug */ = {
			isa = XCBuildConfiguration;
			buildSettings = {
				AUTOMATION_APPLE_EVENTS = NO;
				CODE_SIGN_STYLE = Automatic;
				CURRENT_PROJECT_VERSION = 1;
				DEVELOPMENT_TEAM = 3K3GFX53DY;
				ENABLE_APP_SANDBOX = NO;
				ENABLE_HARDENED_RUNTIME = NO;
				ENABLE_RESOURCE_ACCESS_PHOTO_LIBRARY = NO;
				GENERATE_INFOPLIST_FILE = YES;
				INFOPLIST_FILE = NineTilesPuzzlePreview/Info.plist;
				INFOPLIST_KEY_CFBundleDisplayName = NineTilesPuzzlePreview;
				INFOPLIST_KEY_NSHumanReadableCopyright = "";
				IPHONEOS_DEPLOYMENT_TARGET = 26.2;
				LD_RUNPATH_SEARCH_PATHS = (
					"$(inherited)",
					"@executable_path/Frameworks",
					"@executable_path/../../Frameworks",
				);
				"LD_RUNPATH_SEARCH_PATHS[sdk=macosx*]" = (
					"$(inherited)",
					"@executable_path/../Frameworks",
					"@executable_path/../../../../Frameworks",
				);
				MACOSX_DEPLOYMENT_TARGET = 26.2;
				MARKETING_VERSION = 1.0;
				PRODUCT_BUNDLE_IDENTIFIER = cilia.filippo.NineTilesPuzzle.NineTilesPuzzlePreview;
				PRODUCT_NAME = "$(TARGET_NAME)";
				RUNTIME_EXCEPTION_ALLOW_DYLD_ENVIRONMENT_VARIABLES = NO;
				RUNTIME_EXCEPTION_ALLOW_JIT = NO;
				RUNTIME_EXCEPTION_ALLOW_UNSIGNED_EXECUTABLE_MEMORY = NO;
				RUNTIME_EXCEPTION_DEBUGGING_TOOL = NO;
				RUNTIME_EXCEPTION_DISABLE_EXECUTABLE_PAGE_PROTECTION = NO;
				RUNTIME_EXCEPTION_DISABLE_LIBRARY_VALIDATION = NO;
				SDKROOT = auto;
				SKIP_INSTALL = YES;
				STRING_CATALOG_GENERATE_SYMBOLS = YES;
				SUPPORTED_PLATFORMS = "iphoneos iphonesimulator";
				SUPPORTS_MACCATALYST = NO;
				SWIFT_APPROACHABLE_CONCURRENCY = YES;
				SWIFT_EMIT_LOC_STRINGS = YES;
				SWIFT_UPCOMING_FEATURE_MEMBER_IMPORT_VISIBILITY = YES;
				SWIFT_VERSION = 5.0;
				TARGETED_DEVICE_FAMILY = 1;
				XROS_DEPLOYMENT_TARGET = 26.2;
			};
			name = Debug;
		};
		DDEE000000000000000000AF /* Release */ = {
			isa = XCBuildConfiguration;
			buildSettings = {
				AUTOMATION_APPLE_EVENTS = NO;
				CODE_SIGN_STYLE = Automatic;
				CURRENT_PROJECT_VERSION = 1;
				DEVELOPMENT_TEAM = 3K3GFX53DY;
				ENABLE_APP_SANDBOX = NO;
				ENABLE_HARDENED_RUNTIME = NO;
				ENABLE_RESOURCE_ACCESS_PHOTO_LIBRARY = NO;
				GENERATE_INFOPLIST_FILE = YES;
				INFOPLIST_FILE = NineTilesPuzzlePreview/Info.plist;
				INFOPLIST_KEY_CFBundleDisplayName = NineTilesPuzzlePreview;
				INFOPLIST_KEY_NSHumanReadableCopyright = "";
				IPHONEOS_DEPLOYMENT_TARGET = 26.2;
				LD_RUNPATH_SEARCH_PATHS = (
					"$(inherited)",
					"@executable_path/Frameworks",
					"@executable_path/../../Frameworks",
				);
				"LD_RUNPATH_SEARCH_PATHS[sdk=macosx*]" = (
					"$(inherited)",
					"@executable_path/../Frameworks",
					"@executable_path/../../../../Frameworks",
				);
				MACOSX_DEPLOYMENT_TARGET = 26.2;
				MARKETING_VERSION = 1.0;
				PRODUCT_BUNDLE_IDENTIFIER = cilia.filippo.NineTilesPuzzle.NineTilesPuzzlePreview;
				PRODUCT_NAME = "$(TARGET_NAME)";
				RUNTIME_EXCEPTION_ALLOW_DYLD_ENVIRONMENT_VARIABLES = NO;
				RUNTIME_EXCEPTION_ALLOW_JIT = NO;
				RUNTIME_EXCEPTION_ALLOW_UNSIGNED_EXECUTABLE_MEMORY = NO;
				RUNTIME_EXCEPTION_DEBUGGING_TOOL = NO;
				RUNTIME_EXCEPTION_DISABLE_EXECUTABLE_PAGE_PROTECTION = NO;
				RUNTIME_EXCEPTION_DISABLE_LIBRARY_VALIDATION = NO;
				SDKROOT = auto;
				SKIP_INSTALL = YES;
				STRING_CATALOG_GENERATE_SYMBOLS = YES;
				SUPPORTED_PLATFORMS = "iphoneos iphonesimulator";
				SUPPORTS_MACCATALYST = NO;
				SWIFT_APPROACHABLE_CONCURRENCY = YES;
				SWIFT_EMIT_LOC_STRINGS = YES;
				SWIFT_UPCOMING_FEATURE_MEMBER_IMPORT_VISIBILITY = YES;
				SWIFT_VERSION = 5.0;
				TARGETED_DEVICE_FAMILY = 1;
				XROS_DEPLOYMENT_TARGET = 26.2;
			};
			name = Release;
		};
		1826D7B42FF9192500927433 /* Debug */ = {
			isa = XCBuildConfiguration;
			buildSettings = {
				ASSETCATALOG_COMPILER_GLOBAL_ACCENT_COLOR_NAME = AccentColor;
				ASSETCATALOG_COMPILER_WIDGET_BACKGROUND_COLOR_NAME = WidgetBackground;
				AUTOMATION_APPLE_EVENTS = NO;
				CODE_SIGN_ENTITLEMENTS = NineTilesPuzzleWidgets/NineTilesPuzzleWidgetsExtension.entitlements;
				CODE_SIGN_STYLE = Automatic;
				CURRENT_PROJECT_VERSION = 1;
				DEVELOPMENT_TEAM = 3K3GFX53DY;
				ENABLE_APP_SANDBOX = NO;
				ENABLE_HARDENED_RUNTIME = NO;
				ENABLE_RESOURCE_ACCESS_PHOTO_LIBRARY = NO;
				GENERATE_INFOPLIST_FILE = YES;
				INFOPLIST_FILE = NineTilesPuzzleWidgets/Info.plist;
				INFOPLIST_KEY_CFBundleDisplayName = NineTilesPuzzleWidgets;
				INFOPLIST_KEY_NSHumanReadableCopyright = "";
				IPHONEOS_DEPLOYMENT_TARGET = 26.2;
				LD_RUNPATH_SEARCH_PATHS = (
					"$(inherited)",
					"@executable_path/Frameworks",
					"@executable_path/../../Frameworks",
				);
				"LD_RUNPATH_SEARCH_PATHS[sdk=macosx*]" = (
					"$(inherited)",
					"@executable_path/../Frameworks",
					"@executable_path/../../../../Frameworks",
				);
				MACOSX_DEPLOYMENT_TARGET = 26.2;
				MARKETING_VERSION = 1.0;
				PRODUCT_BUNDLE_IDENTIFIER = cilia.filippo.NineTilesPuzzle.NineTilesPuzzleWidgets;
				PRODUCT_NAME = "$(TARGET_NAME)";
				RUNTIME_EXCEPTION_ALLOW_DYLD_ENVIRONMENT_VARIABLES = NO;
				RUNTIME_EXCEPTION_ALLOW_JIT = NO;
				RUNTIME_EXCEPTION_ALLOW_UNSIGNED_EXECUTABLE_MEMORY = NO;
				RUNTIME_EXCEPTION_DEBUGGING_TOOL = NO;
				RUNTIME_EXCEPTION_DISABLE_EXECUTABLE_PAGE_PROTECTION = NO;
				RUNTIME_EXCEPTION_DISABLE_LIBRARY_VALIDATION = NO;
				SDKROOT = auto;
				SKIP_INSTALL = YES;
				STRING_CATALOG_GENERATE_SYMBOLS = YES;
				SUPPORTED_PLATFORMS = "iphoneos iphonesimulator";
				SUPPORTS_MACCATALYST = NO;
				SWIFT_APPROACHABLE_CONCURRENCY = YES;
				SWIFT_EMIT_LOC_STRINGS = YES;
				SWIFT_UPCOMING_FEATURE_MEMBER_IMPORT_VISIBILITY = YES;
				SWIFT_VERSION = 5.0;
				TARGETED_DEVICE_FAMILY = 1;
				XROS_DEPLOYMENT_TARGET = 26.2;
			};
			name = Debug;
		};
		1826D7B52FF9192500927433 /* Release */ = {
			isa = XCBuildConfiguration;
			buildSettings = {
				ASSETCATALOG_COMPILER_GLOBAL_ACCENT_COLOR_NAME = AccentColor;
				ASSETCATALOG_COMPILER_WIDGET_BACKGROUND_COLOR_NAME = WidgetBackground;
				AUTOMATION_APPLE_EVENTS = NO;
				CODE_SIGN_ENTITLEMENTS = NineTilesPuzzleWidgets/NineTilesPuzzleWidgetsExtension.entitlements;
				CODE_SIGN_STYLE = Automatic;
				CURRENT_PROJECT_VERSION = 1;
				DEVELOPMENT_TEAM = 3K3GFX53DY;
				ENABLE_APP_SANDBOX = NO;
				ENABLE_HARDENED_RUNTIME = NO;
				ENABLE_RESOURCE_ACCESS_PHOTO_LIBRARY = NO;
				GENERATE_INFOPLIST_FILE = YES;
				INFOPLIST_FILE = NineTilesPuzzleWidgets/Info.plist;
				INFOPLIST_KEY_CFBundleDisplayName = NineTilesPuzzleWidgets;
				INFOPLIST_KEY_NSHumanReadableCopyright = "";
				IPHONEOS_DEPLOYMENT_TARGET = 26.2;
				LD_RUNPATH_SEARCH_PATHS = (
					"$(inherited)",
					"@executable_path/Frameworks",
					"@executable_path/../../Frameworks",
				);
				"LD_RUNPATH_SEARCH_PATHS[sdk=macosx*]" = (
					"$(inherited)",
					"@executable_path/../Frameworks",
					"@executable_path/../../../../Frameworks",
				);
				MACOSX_DEPLOYMENT_TARGET = 26.2;
				MARKETING_VERSION = 1.0;
				PRODUCT_BUNDLE_IDENTIFIER = cilia.filippo.NineTilesPuzzle.NineTilesPuzzleWidgets;
				PRODUCT_NAME = "$(TARGET_NAME)";
				RUNTIME_EXCEPTION_ALLOW_DYLD_ENVIRONMENT_VARIABLES = NO;
				RUNTIME_EXCEPTION_ALLOW_JIT = NO;
				RUNTIME_EXCEPTION_ALLOW_UNSIGNED_EXECUTABLE_MEMORY = NO;
				RUNTIME_EXCEPTION_DEBUGGING_TOOL = NO;
				RUNTIME_EXCEPTION_DISABLE_EXECUTABLE_PAGE_PROTECTION = NO;
				RUNTIME_EXCEPTION_DISABLE_LIBRARY_VALIDATION = NO;
				SDKROOT = auto;
				SKIP_INSTALL = YES;
				STRING_CATALOG_GENERATE_SYMBOLS = YES;
				SUPPORTED_PLATFORMS = "iphoneos iphonesimulator";
				SUPPORTS_MACCATALYST = NO;
				SWIFT_APPROACHABLE_CONCURRENCY = YES;
				SWIFT_EMIT_LOC_STRINGS = YES;
				SWIFT_UPCOMING_FEATURE_MEMBER_IMPORT_VISIBILITY = YES;
				SWIFT_VERSION = 5.0;
				TARGETED_DEVICE_FAMILY = 1;
				XROS_DEPLOYMENT_TARGET = 26.2;
			};
			name = Release;
		};
		A7C64291EFBA4215B44A5D01 /* Debug */ = {
			isa = XCBuildConfiguration;
			buildSettings = {
				AUTOMATION_APPLE_EVENTS = NO;
				CODE_SIGN_STYLE = Automatic;
				CURRENT_PROJECT_VERSION = 1;
				DEVELOPMENT_TEAM = 3K3GFX53DY;
				ENABLE_APP_SANDBOX = NO;
				ENABLE_HARDENED_RUNTIME = NO;
				ENABLE_RESOURCE_ACCESS_PHOTO_LIBRARY = NO;
				GENERATE_INFOPLIST_FILE = YES;
				INFOPLIST_FILE = NineTilesPuzzleThumbnail/Info.plist;
				INFOPLIST_KEY_CFBundleDisplayName = NineTilesPuzzleThumbnail;
				INFOPLIST_KEY_NSHumanReadableCopyright = "";
				IPHONEOS_DEPLOYMENT_TARGET = 26.2;
				LD_RUNPATH_SEARCH_PATHS = (
					"$(inherited)",
					"@executable_path/Frameworks",
					"@executable_path/../../Frameworks",
				);
				"LD_RUNPATH_SEARCH_PATHS[sdk=macosx*]" = (
					"$(inherited)",
					"@executable_path/../Frameworks",
					"@executable_path/../../../../Frameworks",
				);
				MACOSX_DEPLOYMENT_TARGET = 26.2;
				MARKETING_VERSION = 1.0;
				PRODUCT_BUNDLE_IDENTIFIER = cilia.filippo.NineTilesPuzzle.NineTilesPuzzleThumbnail;
				PRODUCT_NAME = "$(TARGET_NAME)";
				RUNTIME_EXCEPTION_ALLOW_DYLD_ENVIRONMENT_VARIABLES = NO;
				RUNTIME_EXCEPTION_ALLOW_JIT = NO;
				RUNTIME_EXCEPTION_ALLOW_UNSIGNED_EXECUTABLE_MEMORY = NO;
				RUNTIME_EXCEPTION_DEBUGGING_TOOL = NO;
				RUNTIME_EXCEPTION_DISABLE_EXECUTABLE_PAGE_PROTECTION = NO;
				RUNTIME_EXCEPTION_DISABLE_LIBRARY_VALIDATION = NO;
				SDKROOT = auto;
				SKIP_INSTALL = YES;
				STRING_CATALOG_GENERATE_SYMBOLS = YES;
				SUPPORTED_PLATFORMS = "iphoneos iphonesimulator";
				SUPPORTS_MACCATALYST = NO;
				SWIFT_APPROACHABLE_CONCURRENCY = YES;
				SWIFT_EMIT_LOC_STRINGS = YES;
				SWIFT_UPCOMING_FEATURE_MEMBER_IMPORT_VISIBILITY = YES;
				SWIFT_VERSION = 5.0;
				TARGETED_DEVICE_FAMILY = 1;
				XROS_DEPLOYMENT_TARGET = 26.2;
			};
			name = Debug;
		};
		15BB2D0988E14513BE7D59FD /* Release */ = {
			isa = XCBuildConfiguration;
			buildSettings = {
				AUTOMATION_APPLE_EVENTS = NO;
				CODE_SIGN_STYLE = Automatic;
				CURRENT_PROJECT_VERSION = 1;
				DEVELOPMENT_TEAM = 3K3GFX53DY;
				ENABLE_APP_SANDBOX = NO;
				ENABLE_HARDENED_RUNTIME = NO;
				ENABLE_RESOURCE_ACCESS_PHOTO_LIBRARY = NO;
				GENERATE_INFOPLIST_FILE = YES;
				INFOPLIST_FILE = NineTilesPuzzleThumbnail/Info.plist;
				INFOPLIST_KEY_CFBundleDisplayName = NineTilesPuzzleThumbnail;
				INFOPLIST_KEY_NSHumanReadableCopyright = "";
				IPHONEOS_DEPLOYMENT_TARGET = 26.2;
				LD_RUNPATH_SEARCH_PATHS = (
					"$(inherited)",
					"@executable_path/Frameworks",
					"@executable_path/../../Frameworks",
				);
				"LD_RUNPATH_SEARCH_PATHS[sdk=macosx*]" = (
					"$(inherited)",
					"@executable_path/../Frameworks",
					"@executable_path/../../../../Frameworks",
				);
				MACOSX_DEPLOYMENT_TARGET = 26.2;
				MARKETING_VERSION = 1.0;
				PRODUCT_BUNDLE_IDENTIFIER = cilia.filippo.NineTilesPuzzle.NineTilesPuzzleThumbnail;
				PRODUCT_NAME = "$(TARGET_NAME)";
				RUNTIME_EXCEPTION_ALLOW_DYLD_ENVIRONMENT_VARIABLES = NO;
				RUNTIME_EXCEPTION_ALLOW_JIT = NO;
				RUNTIME_EXCEPTION_ALLOW_UNSIGNED_EXECUTABLE_MEMORY = NO;
				RUNTIME_EXCEPTION_DEBUGGING_TOOL = NO;
				RUNTIME_EXCEPTION_DISABLE_EXECUTABLE_PAGE_PROTECTION = NO;
				RUNTIME_EXCEPTION_DISABLE_LIBRARY_VALIDATION = NO;
				SDKROOT = auto;
				SKIP_INSTALL = YES;
				STRING_CATALOG_GENERATE_SYMBOLS = YES;
				SUPPORTED_PLATFORMS = "iphoneos iphonesimulator";
				SUPPORTS_MACCATALYST = NO;
				SWIFT_APPROACHABLE_CONCURRENCY = YES;
				SWIFT_EMIT_LOC_STRINGS = YES;
				SWIFT_UPCOMING_FEATURE_MEMBER_IMPORT_VISIBILITY = YES;
				SWIFT_VERSION = 5.0;
				TARGETED_DEVICE_FAMILY = 1;
				XROS_DEPLOYMENT_TARGET = 26.2;
			};
			name = Release;
		};
		183EBA752FE67BF600E2851C /* Debug */ = {
			isa = XCBuildConfiguration;
			buildSettings = {
				BUNDLE_LOADER = "$(TEST_HOST)";
				CODE_SIGN_STYLE = Automatic;
				CURRENT_PROJECT_VERSION = 1;
				DEVELOPMENT_TEAM = 3K3GFX53DY;
				GENERATE_INFOPLIST_FILE = YES;
				IPHONEOS_DEPLOYMENT_TARGET = 26.2;
				MACOSX_DEPLOYMENT_TARGET = 26.2;
				MARKETING_VERSION = 1.0;
				PRODUCT_BUNDLE_IDENTIFIER = cilia.filippo.NineTilesPuzzleTests;
				PRODUCT_NAME = "$(TARGET_NAME)";
				SDKROOT = auto;
				STRING_CATALOG_GENERATE_SYMBOLS = NO;
				SUPPORTED_PLATFORMS = "iphoneos iphonesimulator";
				SUPPORTS_MACCATALYST = NO;
				SWIFT_APPROACHABLE_CONCURRENCY = YES;
				SWIFT_EMIT_LOC_STRINGS = NO;
				SWIFT_UPCOMING_FEATURE_MEMBER_IMPORT_VISIBILITY = YES;
				SWIFT_VERSION = 5.0;
				TARGETED_DEVICE_FAMILY = 1;
				TEST_HOST = "$(BUILT_PRODUCTS_DIR)/NineTilesPuzzle.app/$(BUNDLE_EXECUTABLE_FOLDER_PATH)/NineTilesPuzzle";
				XROS_DEPLOYMENT_TARGET = 26.2;
			};
			name = Debug;
		};
		183EBA762FE67BF600E2851C /* Release */ = {
			isa = XCBuildConfiguration;
			buildSettings = {
				BUNDLE_LOADER = "$(TEST_HOST)";
				CODE_SIGN_STYLE = Automatic;
				CURRENT_PROJECT_VERSION = 1;
				DEVELOPMENT_TEAM = 3K3GFX53DY;
				GENERATE_INFOPLIST_FILE = YES;
				IPHONEOS_DEPLOYMENT_TARGET = 26.2;
				MACOSX_DEPLOYMENT_TARGET = 26.2;
				MARKETING_VERSION = 1.0;
				PRODUCT_BUNDLE_IDENTIFIER = cilia.filippo.NineTilesPuzzleTests;
				PRODUCT_NAME = "$(TARGET_NAME)";
				SDKROOT = auto;
				STRING_CATALOG_GENERATE_SYMBOLS = NO;
				SUPPORTED_PLATFORMS = "iphoneos iphonesimulator";
				SUPPORTS_MACCATALYST = NO;
				SWIFT_APPROACHABLE_CONCURRENCY = YES;
				SWIFT_EMIT_LOC_STRINGS = NO;
				SWIFT_UPCOMING_FEATURE_MEMBER_IMPORT_VISIBILITY = YES;
				SWIFT_VERSION = 5.0;
				TARGETED_DEVICE_FAMILY = 1;
				TEST_HOST = "$(BUILT_PRODUCTS_DIR)/NineTilesPuzzle.app/$(BUNDLE_EXECUTABLE_FOLDER_PATH)/NineTilesPuzzle";
				XROS_DEPLOYMENT_TARGET = 26.2;
			};
			name = Release;
		};
		18ADCFAA2FC4C365001C204F /* Debug */ = {
			isa = XCBuildConfiguration;
			buildSettings = {
				ALWAYS_SEARCH_USER_PATHS = NO;
				ASSETCATALOG_COMPILER_GENERATE_SWIFT_ASSET_SYMBOL_EXTENSIONS = YES;
				CLANG_ANALYZER_NONNULL = YES;
				CLANG_ANALYZER_NUMBER_OBJECT_CONVERSION = YES_AGGRESSIVE;
				CLANG_CXX_LANGUAGE_STANDARD = "gnu++20";
				CLANG_ENABLE_MODULES = YES;
				CLANG_ENABLE_OBJC_ARC = YES;
				CLANG_ENABLE_OBJC_WEAK = YES;
				CLANG_WARN_BLOCK_CAPTURE_AUTORELEASING = YES;
				CLANG_WARN_BOOL_CONVERSION = YES;
				CLANG_WARN_COMMA = YES;
				CLANG_WARN_CONSTANT_CONVERSION = YES;
				CLANG_WARN_DEPRECATED_OBJC_IMPLEMENTATIONS = YES;
				CLANG_WARN_DIRECT_OBJC_ISA_USAGE = YES_ERROR;
				CLANG_WARN_DOCUMENTATION_COMMENTS = YES;
				CLANG_WARN_EMPTY_BODY = YES;
				CLANG_WARN_ENUM_CONVERSION = YES;
				CLANG_WARN_INFINITE_RECURSION = YES;
				CLANG_WARN_INT_CONVERSION = YES;
				CLANG_WARN_NON_LITERAL_NULL_CONVERSION = YES;
				CLANG_WARN_OBJC_IMPLICIT_RETAIN_SELF = YES;
				CLANG_WARN_OBJC_LITERAL_CONVERSION = YES;
				CLANG_WARN_OBJC_ROOT_CLASS = YES_ERROR;
				CLANG_WARN_QUOTED_INCLUDE_IN_FRAMEWORK_HEADER = YES;
				CLANG_WARN_RANGE_LOOP_ANALYSIS = YES;
				CLANG_WARN_STRICT_PROTOTYPES = YES;
				CLANG_WARN_SUSPICIOUS_MOVE = YES;
				CLANG_WARN_UNGUARDED_AVAILABILITY = YES_AGGRESSIVE;
				CLANG_WARN_UNREACHABLE_CODE = YES;
				CLANG_WARN__DUPLICATE_METHOD_MATCH = YES;
				COPY_PHASE_STRIP = NO;
				DEBUG_INFORMATION_FORMAT = dwarf;
				DEVELOPMENT_TEAM = 3K3GFX53DY;
				ENABLE_STRICT_OBJC_MSGSEND = YES;
				ENABLE_TESTABILITY = YES;
				ENABLE_USER_SCRIPT_SANDBOXING = YES;
				GCC_C_LANGUAGE_STANDARD = gnu17;
				GCC_DYNAMIC_NO_PIC = NO;
				GCC_NO_COMMON_BLOCKS = YES;
				GCC_OPTIMIZATION_LEVEL = 0;
				GCC_PREPROCESSOR_DEFINITIONS = (
					"DEBUG=1",
					"$(inherited)",
				);
				GCC_WARN_64_TO_32_BIT_CONVERSION = YES;
				GCC_WARN_ABOUT_RETURN_TYPE = YES_ERROR;
				GCC_WARN_UNDECLARED_SELECTOR = YES;
				GCC_WARN_UNINITIALIZED_AUTOS = YES_AGGRESSIVE;
				GCC_WARN_UNUSED_FUNCTION = YES;
				GCC_WARN_UNUSED_VARIABLE = YES;
				IPHONEOS_DEPLOYMENT_TARGET = 26.2;
				LOCALIZATION_PREFERS_STRING_CATALOGS = YES;
				MTL_ENABLE_DEBUG_INFO = INCLUDE_SOURCE;
				MTL_FAST_MATH = YES;
				ONLY_ACTIVE_ARCH = YES;
				SDKROOT = iphoneos;
				SWIFT_ACTIVE_COMPILATION_CONDITIONS = "DEBUG $(inherited)";
				SWIFT_OPTIMIZATION_LEVEL = "-Onone";
			};
			name = Debug;
		};
		18ADCFAB2FC4C365001C204F /* Release */ = {
			isa = XCBuildConfiguration;
			buildSettings = {
				ALWAYS_SEARCH_USER_PATHS = NO;
				ASSETCATALOG_COMPILER_GENERATE_SWIFT_ASSET_SYMBOL_EXTENSIONS = YES;
				CLANG_ANALYZER_NONNULL = YES;
				CLANG_ANALYZER_NUMBER_OBJECT_CONVERSION = YES_AGGRESSIVE;
				CLANG_CXX_LANGUAGE_STANDARD = "gnu++20";
				CLANG_ENABLE_MODULES = YES;
				CLANG_ENABLE_OBJC_ARC = YES;
				CLANG_ENABLE_OBJC_WEAK = YES;
				CLANG_WARN_BLOCK_CAPTURE_AUTORELEASING = YES;
				CLANG_WARN_BOOL_CONVERSION = YES;
				CLANG_WARN_COMMA = YES;
				CLANG_WARN_CONSTANT_CONVERSION = YES;
				CLANG_WARN_DEPRECATED_OBJC_IMPLEMENTATIONS = YES;
				CLANG_WARN_DIRECT_OBJC_ISA_USAGE = YES_ERROR;
				CLANG_WARN_DOCUMENTATION_COMMENTS = YES;
				CLANG_WARN_EMPTY_BODY = YES;
				CLANG_WARN_ENUM_CONVERSION = YES;
				CLANG_WARN_INFINITE_RECURSION = YES;
				CLANG_WARN_INT_CONVERSION = YES;
				CLANG_WARN_NON_LITERAL_NULL_CONVERSION = YES;
				CLANG_WARN_OBJC_IMPLICIT_RETAIN_SELF = YES;
				CLANG_WARN_OBJC_LITERAL_CONVERSION = YES;
				CLANG_WARN_OBJC_ROOT_CLASS = YES_ERROR;
				CLANG_WARN_QUOTED_INCLUDE_IN_FRAMEWORK_HEADER = YES;
				CLANG_WARN_RANGE_LOOP_ANALYSIS = YES;
				CLANG_WARN_STRICT_PROTOTYPES = YES;
				CLANG_WARN_SUSPICIOUS_MOVE = YES;
				CLANG_WARN_UNGUARDED_AVAILABILITY = YES_AGGRESSIVE;
				CLANG_WARN_UNREACHABLE_CODE = YES;
				CLANG_WARN__DUPLICATE_METHOD_MATCH = YES;
				COPY_PHASE_STRIP = NO;
				DEBUG_INFORMATION_FORMAT = "dwarf-with-dsym";
				DEVELOPMENT_TEAM = 3K3GFX53DY;
				ENABLE_NS_ASSERTIONS = NO;
				ENABLE_STRICT_OBJC_MSGSEND = YES;
				ENABLE_USER_SCRIPT_SANDBOXING = YES;
				GCC_C_LANGUAGE_STANDARD = gnu17;
				GCC_NO_COMMON_BLOCKS = YES;
				GCC_WARN_64_TO_32_BIT_CONVERSION = YES;
				GCC_WARN_ABOUT_RETURN_TYPE = YES_ERROR;
				GCC_WARN_UNDECLARED_SELECTOR = YES;
				GCC_WARN_UNINITIALIZED_AUTOS = YES_AGGRESSIVE;
				GCC_WARN_UNUSED_FUNCTION = YES;
				GCC_WARN_UNUSED_VARIABLE = YES;
				IPHONEOS_DEPLOYMENT_TARGET = 26.2;
				LOCALIZATION_PREFERS_STRING_CATALOGS = YES;
				MTL_ENABLE_DEBUG_INFO = NO;
				MTL_FAST_MATH = YES;
				SDKROOT = iphoneos;
				SWIFT_COMPILATION_MODE = wholemodule;
				VALIDATE_PRODUCT = YES;
			};
			name = Release;
		};
		18ADCFAD2FC4C365001C204F /* Debug */ = {
			isa = XCBuildConfiguration;
			buildSettings = {
				ASSETCATALOG_COMPILER_APPICON_NAME = AppIcon;
				ASSETCATALOG_COMPILER_GLOBAL_ACCENT_COLOR_NAME = AccentColor;
				CODE_SIGN_ENTITLEMENTS = NineTilesPuzzle/NineTilesPuzzle.entitlements;
				CODE_SIGN_STYLE = Automatic;
				CURRENT_PROJECT_VERSION = 1;
				DEVELOPMENT_TEAM = 3K3GFX53DY;
				ENABLE_PREVIEWS = YES;
				GENERATE_INFOPLIST_FILE = NO;
				INFOPLIST_FILE = Info.plist;
				INFOPLIST_KEY_CFBundleDisplayName = "Nine Tiles";
				INFOPLIST_KEY_LSApplicationCategoryType = "public.app-category.puzzle-games";
				LD_RUNPATH_SEARCH_PATHS = (
					"$(inherited)",
					"@executable_path/Frameworks",
				);
				MARKETING_VERSION = 1.0;
				PRODUCT_BUNDLE_IDENTIFIER = cilia.filippo.NineTilesPuzzle;
				PRODUCT_NAME = "$(TARGET_NAME)";
				STRING_CATALOG_GENERATE_SYMBOLS = YES;
				SUPPORTED_PLATFORMS = "iphoneos iphonesimulator";
				SUPPORTS_MACCATALYST = NO;
				SUPPORTS_MAC_DESIGNED_FOR_IPHONE_IPAD = NO;
				SUPPORTS_XR_DESIGNED_FOR_IPHONE_IPAD = NO;
				SWIFT_APPROACHABLE_CONCURRENCY = YES;
				SWIFT_DEFAULT_ACTOR_ISOLATION = MainActor;
				SWIFT_EMIT_LOC_STRINGS = YES;
				SWIFT_UPCOMING_FEATURE_MEMBER_IMPORT_VISIBILITY = YES;
				SWIFT_VERSION = 5.0;
				TARGETED_DEVICE_FAMILY = 1;
			};
			name = Debug;
		};
		18ADCFAE2FC4C365001C204F /* Release */ = {
			isa = XCBuildConfiguration;
			buildSettings = {
				ASSETCATALOG_COMPILER_APPICON_NAME = AppIcon;
				ASSETCATALOG_COMPILER_GLOBAL_ACCENT_COLOR_NAME = AccentColor;
				CODE_SIGN_ENTITLEMENTS = NineTilesPuzzle/NineTilesPuzzle.entitlements;
				CODE_SIGN_STYLE = Automatic;
				CURRENT_PROJECT_VERSION = 1;
				DEVELOPMENT_TEAM = 3K3GFX53DY;
				ENABLE_PREVIEWS = YES;
				GENERATE_INFOPLIST_FILE = NO;
				INFOPLIST_FILE = Info.plist;
				INFOPLIST_KEY_CFBundleDisplayName = "Nine Tiles";
				INFOPLIST_KEY_LSApplicationCategoryType = "public.app-category.puzzle-games";
				LD_RUNPATH_SEARCH_PATHS = (
					"$(inherited)",
					"@executable_path/Frameworks",
				);
				MARKETING_VERSION = 1.0;
				PRODUCT_BUNDLE_IDENTIFIER = cilia.filippo.NineTilesPuzzle;
				PRODUCT_NAME = "$(TARGET_NAME)";
				STRING_CATALOG_GENERATE_SYMBOLS = YES;
				SUPPORTED_PLATFORMS = "iphoneos iphonesimulator";
				SUPPORTS_MACCATALYST = NO;
				SUPPORTS_MAC_DESIGNED_FOR_IPHONE_IPAD = NO;
				SUPPORTS_XR_DESIGNED_FOR_IPHONE_IPAD = NO;
				SWIFT_APPROACHABLE_CONCURRENCY = YES;
				SWIFT_DEFAULT_ACTOR_ISOLATION = MainActor;
				SWIFT_EMIT_LOC_STRINGS = YES;
				SWIFT_UPCOMING_FEATURE_MEMBER_IMPORT_VISIBILITY = YES;
				SWIFT_VERSION = 5.0;
				TARGETED_DEVICE_FAMILY = 1;
			};
			name = Release;
		};
/* End XCBuildConfiguration section */

/* Begin XCConfigurationList section */
		DDEE000000000000000000B0 /* Build configuration list for PBXNativeTarget "NineTilesPuzzlePreviewExtension" */ = {
			isa = XCConfigurationList;
			buildConfigurations = (
				DDEE000000000000000000AE /* Debug */,
				DDEE000000000000000000AF /* Release */,
			);
			defaultConfigurationIsVisible = 0;
			defaultConfigurationName = Release;
		};
		A0CAC55473334992A58F228E /* Build configuration list for PBXNativeTarget "NineTilesPuzzleThumbnailExtension" */ = {
			isa = XCConfigurationList;
			buildConfigurations = (
				A7C64291EFBA4215B44A5D01 /* Debug */,
				15BB2D0988E14513BE7D59FD /* Release */,
			);
			defaultConfigurationIsVisible = 0;
			defaultConfigurationName = Release;
		};
		1826D7B32FF9192500927433 /* Build configuration list for PBXNativeTarget "NineTilesPuzzleWidgetsExtension" */ = {
			isa = XCConfigurationList;
			buildConfigurations = (
				1826D7B42FF9192500927433 /* Debug */,
				1826D7B52FF9192500927433 /* Release */,
			);
			defaultConfigurationIsVisible = 0;
			defaultConfigurationName = Release;
		};
		183EBA742FE67BF600E2851C /* Build configuration list for PBXNativeTarget "NineTilesPuzzleTests" */ = {
			isa = XCConfigurationList;
			buildConfigurations = (
				183EBA752FE67BF600E2851C /* Debug */,
				183EBA762FE67BF600E2851C /* Release */,
			);
			defaultConfigurationIsVisible = 0;
			defaultConfigurationName = Release;
		};
		18ADCF9C2FC4C364001C204F /* Build configuration list for PBXProject "NineTilesPuzzle" */ = {
			isa = XCConfigurationList;
			buildConfigurations = (
				18ADCFAA2FC4C365001C204F /* Debug */,
				18ADCFAB2FC4C365001C204F /* Release */,
			);
			defaultConfigurationIsVisible = 0;
			defaultConfigurationName = Release;
		};
		18ADCFAC2FC4C365001C204F /* Build configuration list for PBXNativeTarget "NineTilesPuzzle" */ = {
			isa = XCConfigurationList;
			buildConfigurations = (
				18ADCFAD2FC4C365001C204F /* Debug */,
				18ADCFAE2FC4C365001C204F /* Release */,
			);
			defaultConfigurationIsVisible = 0;
			defaultConfigurationName = Release;
		};
/* End XCConfigurationList section */
	};
	rootObject = 18ADCF992FC4C364001C204F /* Project object */;
}
